
Microsoft Visual Studio Solution File, Format Version 12.00
# Visual Studio Version 17
VisualStudioVersion = 17.4.33403.182
MinimumVisualStudioVersion = 10.0.40219.1
Project("{9A19103F-16F7-4668-BE54-9A1E7A4F7556}") = "PruneUrl.Backend.App", "PruneUrl.Backend.App\PruneUrl.Backend.App.csproj", "{00E9E33F-B32D-41E8-9621-ABAB95705D84}"
EndProject
Project("{2150E333-8FDC-42A3-9474-1A3956D46DE8}") = "Domain", "Domain", "{9851F9A7-8F0F-4FAD-9685-C057ED0D7B23}"
EndProject
Project("{2150E333-8FDC-42A3-9474-1A3956D46DE8}") = "Application", "Application", "{976BFA04-77C5-4DF8-A821-A2A5291E6739}"
EndProject
Project("{2150E333-8FDC-42A3-9474-1A3956D46DE8}") = "Infrastructure", "Infrastructure", "{8D383C4D-5D61-47CD-8397-9166E6EB023D}"
EndProject
Project("{2150E333-8FDC-42A3-9474-1A3956D46DE8}") = "Presentation", "Presentation", "{8CED138A-11A4-4621-A313-AE0840E6007D}"
EndProject
Project("{9A19103F-16F7-4668-BE54-9A1E7A4F7556}") = "PruneUrl.Backend.Domain.Entities", "PruneUrl.Backend.Domain.Entities\PruneUrl.Backend.Domain.Entities.csproj", "{ED8FE1A1-E344-49FB-B128-AEC079E74B64}"
EndProject
Project("{9A19103F-16F7-4668-BE54-9A1E7A4F7556}") = "PruneUrl.Backend.Domain.Entities.Tests", "PruneUrl.Backend.Domain.Entities.Tests\PruneUrl.Backend.Domain.Entities.Tests.csproj", "{35F3D527-A186-4016-B24D-EF75ED977C35}"
EndProject
Project("{2150E333-8FDC-42A3-9474-1A3956D46DE8}") = "_Testing", "_Testing", "{0B039F9B-0753-4507-BB09-1B32772EF1DC}"
EndProject
Project("{9A19103F-16F7-4668-BE54-9A1E7A4F7556}") = "PruneUrl.Backend.TestHelpers", "PruneUrl.Backend.TestHelpers\PruneUrl.Backend.TestHelpers.csproj", "{B7DE6B50-2048-4507-AF09-777D368A2BCF}"
EndProject
Project("{9A19103F-16F7-4668-BE54-9A1E7A4F7556}") = "PruneUrl.Backend.Application.Interfaces", "PruneUrl.Backend.Application.Interfaces\PruneUrl.Backend.Application.Interfaces.csproj", "{051F0BA6-E7A3-4289-8CFB-C3E309B17C40}"
EndProject
Project("{9A19103F-16F7-4668-BE54-9A1E7A4F7556}") = "PruneUrl.Backend.Application.Implementation", "PruneUrl.Backend.Application.Implementation\PruneUrl.Backend.Application.Implementation.csproj", "{78B2B33B-6D45-4063-AC81-E1D9F21F43C9}"
EndProject
Project("{9A19103F-16F7-4668-BE54-9A1E7A4F7556}") = "PruneUrl.Backend.Application.Implementation.Tests", "PruneUrl.Backend.Application.Implementation.Tests\PruneUrl.Backend.Application.Implementation.Tests.csproj", "{0F1280DE-3D13-4FD4-93A8-364E8B84E2C5}"
EndProject
Project("{9A19103F-16F7-4668-BE54-9A1E7A4F7556}") = "PruneUrl.Backend.Application.Interfaces.Database", "PruneUrl.Backend.Application.Interfaces.Database\PruneUrl.Backend.Application.Interfaces.Database.csproj", "{E7077EED-6F9C-4E07-BDD2-AFB82CC7C805}"
EndProject
Project("{2150E333-8FDC-42A3-9474-1A3956D46DE8}") = "Interfaces", "Interfaces", "{1B28013D-6DB8-410B-A0BE-91FB776B4A9C}"
EndProject
Project("{9A19103F-16F7-4668-BE54-9A1E7A4F7556}") = "PruneUrl.Backend.Infrastructure.Database.Firestore", "PruneUrl.Backend.Infrastructure.Database.Firestore\PruneUrl.Backend.Infrastructure.Database.Firestore.csproj", "{A6642675-088F-4E6F-A6EB-2F53094FC196}"
EndProject
Project("{9A19103F-16F7-4668-BE54-9A1E7A4F7556}") = "PruneUrl.Backend.Infrastructure.Database.Firestore.Tests", "PruneUrl.Backend.Infrastructure.Database.Firestore.Tests\PruneUrl.Backend.Infrastructure.Database.Firestore.Tests.csproj", "{1B73952C-845B-4BF0-AEFB-4DE4653CBB64}"
EndProject
Project("{9A19103F-16F7-4668-BE54-9A1E7A4F7556}") = "PruneUrl.Backend.Application.Transactions", "PruneUrl.Backend.Application.Transactions\PruneUrl.Backend.Application.Transactions.csproj", "{834E713A-D19D-4314-A6E8-55F44BFEF93A}"
EndProject
Project("{9A19103F-16F7-4668-BE54-9A1E7A4F7556}") = "PruneUrl.Backend.Application.Configuration", "PruneUrl.Backend.Application.Configuration\PruneUrl.Backend.Application.Configuration.csproj", "{12004CB4-A35D-401B-BD01-D3D85E557892}"
EndProject
Project("{9A19103F-16F7-4668-BE54-9A1E7A4F7556}") = "PruneUrl.Backend.Application.Exceptions", "PruneUrl.Backend.Application.Exceptions\PruneUrl.Backend.Application.Exceptions.csproj", "{B39CD327-6C7D-43DA-9626-9DF60E88ECAB}"
EndProject
Global
	GlobalSection(SolutionConfigurationPlatforms) = preSolution
		Debug|Any CPU = Debug|Any CPU
		Release|Any CPU = Release|Any CPU
	EndGlobalSection
	GlobalSection(ProjectConfigurationPlatforms) = postSolution
		{00E9E33F-B32D-41E8-9621-ABAB95705D84}.Debug|Any CPU.ActiveCfg = Debug|Any CPU
		{00E9E33F-B32D-41E8-9621-ABAB95705D84}.Debug|Any CPU.Build.0 = Debug|Any CPU
		{00E9E33F-B32D-41E8-9621-ABAB95705D84}.Release|Any CPU.ActiveCfg = Release|Any CPU
		{00E9E33F-B32D-41E8-9621-ABAB95705D84}.Release|Any CPU.Build.0 = Release|Any CPU
		{ED8FE1A1-E344-49FB-B128-AEC079E74B64}.Debug|Any CPU.ActiveCfg = Debug|Any CPU
		{ED8FE1A1-E344-49FB-B128-AEC079E74B64}.Debug|Any CPU.Build.0 = Debug|Any CPU
		{ED8FE1A1-E344-49FB-B128-AEC079E74B64}.Release|Any CPU.ActiveCfg = Release|Any CPU
		{ED8FE1A1-E344-49FB-B128-AEC079E74B64}.Release|Any CPU.Build.0 = Release|Any CPU
		{35F3D527-A186-4016-B24D-EF75ED977C35}.Debug|Any CPU.ActiveCfg = Debug|Any CPU
		{35F3D527-A186-4016-B24D-EF75ED977C35}.Debug|Any CPU.Build.0 = Debug|Any CPU
		{35F3D527-A186-4016-B24D-EF75ED977C35}.Release|Any CPU.ActiveCfg = Release|Any CPU
		{35F3D527-A186-4016-B24D-EF75ED977C35}.Release|Any CPU.Build.0 = Release|Any CPU
		{B7DE6B50-2048-4507-AF09-777D368A2BCF}.Debug|Any CPU.ActiveCfg = Debug|Any CPU
		{B7DE6B50-2048-4507-AF09-777D368A2BCF}.Debug|Any CPU.Build.0 = Debug|Any CPU
		{B7DE6B50-2048-4507-AF09-777D368A2BCF}.Release|Any CPU.ActiveCfg = Release|Any CPU
		{B7DE6B50-2048-4507-AF09-777D368A2BCF}.Release|Any CPU.Build.0 = Release|Any CPU
		{051F0BA6-E7A3-4289-8CFB-C3E309B17C40}.Debug|Any CPU.ActiveCfg = Debug|Any CPU
		{051F0BA6-E7A3-4289-8CFB-C3E309B17C40}.Debug|Any CPU.Build.0 = Debug|Any CPU
		{051F0BA6-E7A3-4289-8CFB-C3E309B17C40}.Release|Any CPU.ActiveCfg = Release|Any CPU
		{051F0BA6-E7A3-4289-8CFB-C3E309B17C40}.Release|Any CPU.Build.0 = Release|Any CPU
		{78B2B33B-6D45-4063-AC81-E1D9F21F43C9}.Debug|Any CPU.ActiveCfg = Debug|Any CPU
		{78B2B33B-6D45-4063-AC81-E1D9F21F43C9}.Debug|Any CPU.Build.0 = Debug|Any CPU
		{78B2B33B-6D45-4063-AC81-E1D9F21F43C9}.Release|Any CPU.ActiveCfg = Release|Any CPU
		{78B2B33B-6D45-4063-AC81-E1D9F21F43C9}.Release|Any CPU.Build.0 = Release|Any CPU
		{0F1280DE-3D13-4FD4-93A8-364E8B84E2C5}.Debug|Any CPU.ActiveCfg = Debug|Any CPU
		{0F1280DE-3D13-4FD4-93A8-364E8B84E2C5}.Debug|Any CPU.Build.0 = Debug|Any CPU
		{0F1280DE-3D13-4FD4-93A8-364E8B84E2C5}.Release|Any CPU.ActiveCfg = Release|Any CPU
		{0F1280DE-3D13-4FD4-93A8-364E8B84E2C5}.Release|Any CPU.Build.0 = Release|Any CPU
		{E7077EED-6F9C-4E07-BDD2-AFB82CC7C805}.Debug|Any CPU.ActiveCfg = Debug|Any CPU
		{E7077EED-6F9C-4E07-BDD2-AFB82CC7C805}.Debug|Any CPU.Build.0 = Debug|Any CPU
		{E7077EED-6F9C-4E07-BDD2-AFB82CC7C805}.Release|Any CPU.ActiveCfg = Release|Any CPU
		{E7077EED-6F9C-4E07-BDD2-AFB82CC7C805}.Release|Any CPU.Build.0 = Release|Any CPU
		{A6642675-088F-4E6F-A6EB-2F53094FC196}.Debug|Any CPU.ActiveCfg = Debug|Any CPU
		{A6642675-088F-4E6F-A6EB-2F53094FC196}.Debug|Any CPU.Build.0 = Debug|Any CPU
		{A6642675-088F-4E6F-A6EB-2F53094FC196}.Release|Any CPU.ActiveCfg = Release|Any CPU
		{A6642675-088F-4E6F-A6EB-2F53094FC196}.Release|Any CPU.Build.0 = Release|Any CPU
		{1B73952C-845B-4BF0-AEFB-4DE4653CBB64}.Debug|Any CPU.ActiveCfg = Debug|Any CPU
		{1B73952C-845B-4BF0-AEFB-4DE4653CBB64}.Debug|Any CPU.Build.0 = Debug|Any CPU
		{1B73952C-845B-4BF0-AEFB-4DE4653CBB64}.Release|Any CPU.ActiveCfg = Release|Any CPU
		{1B73952C-845B-4BF0-AEFB-4DE4653CBB64}.Release|Any CPU.Build.0 = Release|Any CPU
		{834E713A-D19D-4314-A6E8-55F44BFEF93A}.Debug|Any CPU.ActiveCfg = Debug|Any CPU
		{834E713A-D19D-4314-A6E8-55F44BFEF93A}.Debug|Any CPU.Build.0 = Debug|Any CPU
		{834E713A-D19D-4314-A6E8-55F44BFEF93A}.Release|Any CPU.ActiveCfg = Release|Any CPU
		{834E713A-D19D-4314-A6E8-55F44BFEF93A}.Release|Any CPU.Build.0 = Release|Any CPU
		{12004CB4-A35D-401B-BD01-D3D85E557892}.Debug|Any CPU.ActiveCfg = Debug|Any CPU
		{12004CB4-A35D-401B-BD01-D3D85E557892}.Debug|Any CPU.Build.0 = Debug|Any CPU
		{12004CB4-A35D-401B-BD01-D3D85E557892}.Release|Any CPU.ActiveCfg = Release|Any CPU
		{12004CB4-A35D-401B-BD01-D3D85E557892}.Release|Any CPU.Build.0 = Release|Any CPU
		{B39CD327-6C7D-43DA-9626-9DF60E88ECAB}.Debug|Any CPU.ActiveCfg = Debug|Any CPU
		{B39CD327-6C7D-43DA-9626-9DF60E88ECAB}.Debug|Any CPU.Build.0 = Debug|Any CPU
		{B39CD327-6C7D-43DA-9626-9DF60E88ECAB}.Release|Any CPU.ActiveCfg = Release|Any CPU
		{B39CD327-6C7D-43DA-9626-9DF60E88ECAB}.Release|Any CPU.Build.0 = Release|Any CPU
	EndGlobalSection
	GlobalSection(SolutionProperties) = preSolution
		HideSolutionNode = FALSE
	EndGlobalSection
	GlobalSection(NestedProjects) = preSolution
		{00E9E33F-B32D-41E8-9621-ABAB95705D84} = {8CED138A-11A4-4621-A313-AE0840E6007D}
		{ED8FE1A1-E344-49FB-B128-AEC079E74B64} = {9851F9A7-8F0F-4FAD-9685-C057ED0D7B23}
		{35F3D527-A186-4016-B24D-EF75ED977C35} = {9851F9A7-8F0F-4FAD-9685-C057ED0D7B23}
		{B7DE6B50-2048-4507-AF09-777D368A2BCF} = {0B039F9B-0753-4507-BB09-1B32772EF1DC}
		{051F0BA6-E7A3-4289-8CFB-C3E309B17C40} = {1B28013D-6DB8-410B-A0BE-91FB776B4A9C}
		{78B2B33B-6D45-4063-AC81-E1D9F21F43C9} = {976BFA04-77C5-4DF8-A821-A2A5291E6739}
		{0F1280DE-3D13-4FD4-93A8-364E8B84E2C5} = {976BFA04-77C5-4DF8-A821-A2A5291E6739}
		{E7077EED-6F9C-4E07-BDD2-AFB82CC7C805} = {1B28013D-6DB8-410B-A0BE-91FB776B4A9C}
		{1B28013D-6DB8-410B-A0BE-91FB776B4A9C} = {976BFA04-77C5-4DF8-A821-A2A5291E6739}
		{A6642675-088F-4E6F-A6EB-2F53094FC196} = {8D383C4D-5D61-47CD-8397-9166E6EB023D}
		{1B73952C-845B-4BF0-AEFB-4DE4653CBB64} = {8D383C4D-5D61-47CD-8397-9166E6EB023D}
		{834E713A-D19D-4314-A6E8-55F44BFEF93A} = {976BFA04-77C5-4DF8-A821-A2A5291E6739}
		{12004CB4-A35D-401B-BD01-D3D85E557892} = {976BFA04-77C5-4DF8-A821-A2A5291E6739}
		{B39CD327-6C7D-43DA-9626-9DF60E88ECAB} = {976BFA04-77C5-4DF8-A821-A2A5291E6739}
	EndGlobalSection
	GlobalSection(ExtensibilityGlobals) = postSolution
		SolutionGuid = {5FEA1099-8BF1-4329-90EB-A8405E3F7CBA}
	EndGlobalSection
EndGlobal
