
Microsoft Visual Studio Solution File, Format Version 12.00
# Visual Studio Version 17
VisualStudioVersion = 17.4.33403.182
MinimumVisualStudioVersion = 10.0.40219.1
Project("{FAE04EC0-301F-11D3-BF4B-00C04F79EFBC}") = "PruneUrl.Backend.API", "PruneUrl.Backend.API\PruneUrl.Backend.API.csproj", "{E72B0347-0A3A-4097-9C71-F02DAB804B0E}"
EndProject
Global
	GlobalSection(SolutionConfigurationPlatforms) = preSolution
		Debug|Any CPU = Debug|Any CPU
		Release|Any CPU = Release|Any CPU
	EndGlobalSection
	GlobalSection(ProjectConfigurationPlatforms) = postSolution
		{E72B0347-0A3A-4097-9C71-F02DAB804B0E}.Debug|Any CPU.ActiveCfg = Debug|Any CPU
		{E72B0347-0A3A-4097-9C71-F02DAB804B0E}.Debug|Any CPU.Build.0 = Debug|Any CPU
		{E72B0347-0A3A-4097-9C71-F02DAB804B0E}.Release|Any CPU.ActiveCfg = Release|Any CPU
		{E72B0347-0A3A-4097-9C71-F02DAB804B0E}.Release|Any CPU.Build.0 = Release|Any CPU
	EndGlobalSection
	GlobalSection(SolutionProperties) = preSolution
		HideSolutionNode = FALSE
	EndGlobalSection
	GlobalSection(ExtensibilityGlobals) = postSolution
		SolutionGuid = {5FEA1099-8BF1-4329-90EB-A8405E3F7CBA}
	EndGlobalSection
EndGlobal
